
Microsoft Visual Studio Solution File, Format Version 12.00
# Visual Studio 15
VisualStudioVersion = 15.0.28307.902
MinimumVisualStudioVersion = 10.0.40219.1
Project("{FAE04EC0-301F-11D3-BF4B-00C04F79EFBC}") = "TechFin.Web", "TechFin.Web\TechFin.Web.csproj", "{A36A8588-E00F-4ED0-9FC6-2667EB3A0814}"
EndProject
Project("{FAE04EC0-301F-11D3-BF4B-00C04F79EFBC}") = "TechFin.Windows", "TechFin.Windows\TechFin.Windows.csproj", "{90E33E27-CCAB-4892-AAB6-A30DE412F93E}"
EndProject
Global
	GlobalSection(SolutionConfigurationPlatforms) = preSolution
		Debug|Any CPU = Debug|Any CPU
		Release|Any CPU = Release|Any CPU
	EndGlobalSection
	GlobalSection(ProjectConfigurationPlatforms) = postSolution
		{A36A8588-E00F-4ED0-9FC6-2667EB3A0814}.Debug|Any CPU.ActiveCfg = Debug|Any CPU
		{A36A8588-E00F-4ED0-9FC6-2667EB3A0814}.Debug|Any CPU.Build.0 = Debug|Any CPU
		{A36A8588-E00F-4ED0-9FC6-2667EB3A0814}.Release|Any CPU.ActiveCfg = Release|Any CPU
		{A36A8588-E00F-4ED0-9FC6-2667EB3A0814}.Release|Any CPU.Build.0 = Release|Any CPU
		{90E33E27-CCAB-4892-AAB6-A30DE412F93E}.Debug|Any CPU.ActiveCfg = Debug|Any CPU
		{90E33E27-CCAB-4892-AAB6-A30DE412F93E}.Debug|Any CPU.Build.0 = Debug|Any CPU
		{90E33E27-CCAB-4892-AAB6-A30DE412F93E}.Release|Any CPU.ActiveCfg = Release|Any CPU
		{90E33E27-CCAB-4892-AAB6-A30DE412F93E}.Release|Any CPU.Build.0 = Release|Any CPU
	EndGlobalSection
	GlobalSection(SolutionProperties) = preSolution
		HideSolutionNode = FALSE
	EndGlobalSection
	GlobalSection(ExtensibilityGlobals) = postSolution
		SolutionGuid = {69925278-FDEA-4C3E-A4C9-8BCEA27D5927}
	EndGlobalSection
EndGlobal
